# THIS IS AN AUTOGENERATED FILE. DO NOT EDIT THIS FILE DIRECTLY.
# yarn lockfile v1


"@nodelib/fs.scandir@2.1.5":
  version "2.1.5"
  resolved "https://registry.yarnpkg.com/@nodelib/fs.scandir/-/fs.scandir-2.1.5.tgz#7619c2eb21b25483f6d167548b4cfd5a7488c3d5"
  integrity sha512-vq24Bq3ym5HEQm2NKCr3yXDwjc7vTsEThRDnkp2DK9p1uqLR+DHurm/NOTo0KG7HYHU7eppKZj3MyqYuMBf62g==
  dependencies:
    "@nodelib/fs.stat" "2.0.5"
    run-parallel "^1.1.9"

"@nodelib/fs.stat@2.0.5", "@nodelib/fs.stat@^2.0.2":
  version "2.0.5"
  resolved "https://registry.yarnpkg.com/@nodelib/fs.stat/-/fs.stat-2.0.5.tgz#5bd262af94e9d25bd1e71b05deed44876a222e8b"
  integrity sha512-RkhPPp2zrqDAQA/2jNhnztcPAlv64XdhIp7a7454A5ovI7Bukxgt7MX7udwAu3zg1DcpPU0rz3VV1SeaqvY4+A==

"@nodelib/fs.walk@^1.2.3":
  version "1.2.8"
  resolved "https://registry.yarnpkg.com/@nodelib/fs.walk/-/fs.walk-1.2.8.tgz#e95737e8bb6746ddedf69c556953494f196fe69a"
  integrity sha512-oGB+UxlgWcgQkgwo8GcEGwemoTFt3FIO9ababBmaGwXIoBKZ+GTy0pP185beGg7Llih/NSHSV2XAs1lnznocSg==
  dependencies:
    "@nodelib/fs.scandir" "2.1.5"
    fastq "^1.6.0"

"@types/node@^16.11.12":
  version "16.11.12"
  resolved "https://registry.yarnpkg.com/@types/node/-/node-16.11.12.tgz#ac7fb693ac587ee182c3780c26eb65546a1a3c10"
  integrity sha512-+2Iggwg7PxoO5Kyhvsq9VarmPbIelXP070HMImEpbtGCoyWNINQj4wzjbQCXzdHTRXnqufutJb5KAURZANNBAw==

braces@^3.0.1:
  version "3.0.2"
  resolved "https://registry.yarnpkg.com/braces/-/braces-3.0.2.tgz#3454e1a462ee8d599e236df336cd9ea4f8afe107"
  integrity sha512-b8um+L1RzM3WDSzvhm6gIz1yfTbBt6YTlcEKAvsmqCZZFw46z626lVj9j1yEPW33H5H+lBQpZMP1k8l+78Ha0A==
  dependencies:
    fill-range "^7.0.1"

esbuild-android-arm64@0.14.3:
  version "0.14.3"
  resolved "https://registry.yarnpkg.com/esbuild-android-arm64/-/esbuild-android-arm64-0.14.3.tgz#f0fc0a892dd6f2f42baf68f9ac24c9bfcfdaba20"
  integrity sha512-v/vdnGJiSGWOAXzg422T9qb4S+P3tOaYtc5n3FDR27Bh3/xQDS7PdYz/yY7HhOlVp0eGwWNbPHEi8FcEhXjsuw==

esbuild-darwin-64@0.14.3:
  version "0.14.3"
  resolved "https://registry.yarnpkg.com/esbuild-darwin-64/-/esbuild-darwin-64-0.14.3.tgz#074268b97df08dc2ea60ddd3c29b05fd93ff63d3"
  integrity sha512-swY5OtEg6cfWdgc/XEjkBP7wXSyXXeZHEsWMdh1bDiN1D6GmRphk9SgKFKTj+P3ZHhOGIcC1+UdIwHk5bUcOig==

esbuild-darwin-arm64@0.14.3:
  version "0.14.3"
  resolved "https://registry.yarnpkg.com/esbuild-darwin-arm64/-/esbuild-darwin-arm64-0.14.3.tgz#72a62c7e5c58a2321f0bb839f1368878d4a5a814"
  integrity sha512-6i9dXPk8oT87wF6VHmwzSad76eMRU2Rt+GXrwF3Y4DCJgnPssJbabNQ9gurkuEX8M0YnEyJF0d1cR7rpTzcEiA==

esbuild-freebsd-64@0.14.3:
  version "0.14.3"
  resolved "https://registry.yarnpkg.com/esbuild-freebsd-64/-/esbuild-freebsd-64-0.14.3.tgz#63f507254f41ccbab97bb6dce655e7dbc127f351"
  integrity sha512-WDY5ENsmyceeE+95U3eI+FM8yARY5akWkf21M/x/+v2P5OVsYqCYELglSeAI5Y7bhteCVV3g4i2fRqtkmprdSA==

esbuild-freebsd-arm64@0.14.3:
  version "0.14.3"
  resolved "https://registry.yarnpkg.com/esbuild-freebsd-arm64/-/esbuild-freebsd-arm64-0.14.3.tgz#6520f6c8339df943633586d0d597ac2ee1f1958d"
  integrity sha512-4BEEGcP0wBzg04pCCWXlgaPuksQHHfwHvYgCIsi+7IsuB17ykt6MHhTkHR5b5pjI/jNtRhPfMsDODUyftQJgvw==

esbuild-linux-32@0.14.3:
  version "0.14.3"
  resolved "https://registry.yarnpkg.com/esbuild-linux-32/-/esbuild-linux-32-0.14.3.tgz#813d7baf2d33675c9264a07b09a26c39d588abb2"
  integrity sha512-8yhsnjLG/GwCA1RAIndjmCHWViRB2Ol0XeOh2fCXS9qF8tlVrJB7qAiHZpm2vXx+yjOA/bFLTxzU+5pMKqkn5A==

esbuild-linux-64@0.14.3:
  version "0.14.3"
  resolved "https://registry.yarnpkg.com/esbuild-linux-64/-/esbuild-linux-64-0.14.3.tgz#6356ff2d2c6ec978eb6e794a8891cc5cfadab3f1"
  integrity sha512-eNq4aixfbwXHIJq4bQDe+XaSNV1grxqpZYs/zHbp0HGHf6SBNlTI02uyTbYGpIzlXmCEPS9tpPCi7BTU45kcJQ==

esbuild-linux-arm64@0.14.3:
  version "0.14.3"
  resolved "https://registry.yarnpkg.com/esbuild-linux-arm64/-/esbuild-linux-arm64-0.14.3.tgz#a289bb67a5207e021d1ac8cae3532771eda473a6"
  integrity sha512-wPLyRoqoV/tEMQ7M24DpAmCMyKqBmtgZY35w2tXM8X5O5b2Ohi7fkPSmd6ZgLIxZIApWt88toA8RT0S7qoxcOA==

esbuild-linux-arm@0.14.3:
  version "0.14.3"
  resolved "https://registry.yarnpkg.com/esbuild-linux-arm/-/esbuild-linux-arm-0.14.3.tgz#b193de64458d4829be18206e58d127296367c189"
  integrity sha512-YcMvJHAQnWrWKb+eLxN9e/iWUC/3w01UF/RXuMknqOW3prX8UQ63QknWz9/RI8BY/sdrdgPEbSmsTU2jy2cayQ==

esbuild-linux-mips64le@0.14.3:
  version "0.14.3"
  resolved "https://registry.yarnpkg.com/esbuild-linux-mips64le/-/esbuild-linux-mips64le-0.14.3.tgz#d3c826fc746f1cbf3aea696017b001625ea28b59"
  integrity sha512-DdmfM5rcuoqjQL3px5MbquAjZWnySB5LdTrg52SSapp0gXMnGcsM6GY2WVta02CMKn5qi7WPVG4WbqTWE++tJw==

esbuild-linux-ppc64le@0.14.3:
  version "0.14.3"
  resolved "https://registry.yarnpkg.com/esbuild-linux-ppc64le/-/esbuild-linux-ppc64le-0.14.3.tgz#483974c92555eefe86d623145ff5f328074b6c9b"
  integrity sha512-ujdqryj0m135Ms9yaNDVFAcLeRtyftM/v2v7Osji5zElf2TivSMdFxdrYnYICuHfkm8c8gHg1ncwqitL0r+nnA==

esbuild-netbsd-64@0.14.3:
  version "0.14.3"
  resolved "https://registry.yarnpkg.com/esbuild-netbsd-64/-/esbuild-netbsd-64-0.14.3.tgz#76442f9d2d6e6dc796d18eb321256ccdc68ead53"
  integrity sha512-Z/UB9OUdwo1KDJCSGnVueDuKowRZRkduLvRMegHtDBHC3lS5LfZ3RdM1i+4MMN9iafyk8Q9FNcqIXI178ZujvA==

esbuild-openbsd-64@0.14.3:
  version "0.14.3"
  resolved "https://registry.yarnpkg.com/esbuild-openbsd-64/-/esbuild-openbsd-64-0.14.3.tgz#13b0adfd39e165f0dfd30af3e629c601b1b5fa36"
  integrity sha512-9I1uoMDeogq3zQuTe3qygmXYjImnvc6rBn51LLbLniQDlfvqHPBMnAZ/5KshwtXXIIMkCwByytDZdiuzRRlTvQ==

esbuild-sunos-64@0.14.3:
  version "0.14.3"
  resolved "https://registry.yarnpkg.com/esbuild-sunos-64/-/esbuild-sunos-64-0.14.3.tgz#f8ce1a0c6f165b82d589c7f3de01baf094587fd2"
  integrity sha512-pldqx/Adxl4V4ymiyKxOOyJmHn6nUIo3wqk2xBx07iDgmL2XTcDDQd7N4U4QGu9LnYN4ZF+8IdOYa3oRRpbjtg==

esbuild-windows-32@0.14.3:
  version "0.14.3"
  resolved "https://registry.yarnpkg.com/esbuild-windows-32/-/esbuild-windows-32-0.14.3.tgz#f555cbf0fca5974c3c303d9d9ff0d39e08f26916"
  integrity sha512-AqzvA/KbkC2m3kTXGpljLin3EttRbtoPTfBn6w6n2m9MWkTEbhQbE1ONoOBxhO5tExmyJdL/6B87TJJD5jEFBQ==

esbuild-windows-64@0.14.3:
  version "0.14.3"
  resolved "https://registry.yarnpkg.com/esbuild-windows-64/-/esbuild-windows-64-0.14.3.tgz#02c9804f9ca5e587ccb8b18e46a00f9237e54689"
  integrity sha512-HGg3C6113zLGB5hN41PROTnBuoh/arG2lQdOird6xFl9giff1cAfMQOUJUfODKD57dDqHjQ1YGW8gOkg0/IrWw==

esbuild-windows-arm64@0.14.3:
  version "0.14.3"
  resolved "https://registry.yarnpkg.com/esbuild-windows-arm64/-/esbuild-windows-arm64-0.14.3.tgz#8bcf737feddde3ccf4d2d6d581b2422b45a9b6e2"
  integrity sha512-qB2izYu4VpigGnOrAN2Yv7ICYLZWY/AojZtwFfteViDnHgW4jXPYkHQIXTISJbRz25H2cYiv+MfRQYK31RNjlw==

esbuild@^0.14.3:
  version "0.14.3"
  resolved "https://registry.yarnpkg.com/esbuild/-/esbuild-0.14.3.tgz#38db1d26aaeccc43f478225974538e2c4de9d6b1"
  integrity sha512-zyEC5hkguW2oieXRXp8VJzQdcO/1FxCS5GjzqOHItRlojXnx/cTavsrkxdWvBH9li2lUq0bN+LeeVEmyCwiR/Q==
  optionalDependencies:
    esbuild-android-arm64 "0.14.3"
    esbuild-darwin-64 "0.14.3"
    esbuild-darwin-arm64 "0.14.3"
    esbuild-freebsd-64 "0.14.3"
    esbuild-freebsd-arm64 "0.14.3"
    esbuild-linux-32 "0.14.3"
    esbuild-linux-64 "0.14.3"
    esbuild-linux-arm "0.14.3"
    esbuild-linux-arm64 "0.14.3"
    esbuild-linux-mips64le "0.14.3"
    esbuild-linux-ppc64le "0.14.3"
    esbuild-netbsd-64 "0.14.3"
    esbuild-openbsd-64 "0.14.3"
    esbuild-sunos-64 "0.14.3"
    esbuild-windows-32 "0.14.3"
    esbuild-windows-64 "0.14.3"
    esbuild-windows-arm64 "0.14.3"

fast-glob@^3.2.7:
  version "3.2.7"
  resolved "https://registry.yarnpkg.com/fast-glob/-/fast-glob-3.2.7.tgz#fd6cb7a2d7e9aa7a7846111e85a196d6b2f766a1"
  integrity sha512-rYGMRwip6lUMvYD3BTScMwT1HtAs2d71SMv66Vrxs0IekGZEjhM0pcMfjQPnknBt2zeCwQMEupiN02ZP4DiT1Q==
  dependencies:
    "@nodelib/fs.stat" "^2.0.2"
    "@nodelib/fs.walk" "^1.2.3"
    glob-parent "^5.1.2"
    merge2 "^1.3.0"
    micromatch "^4.0.4"

fastq@^1.6.0:
  version "1.13.0"
  resolved "https://registry.yarnpkg.com/fastq/-/fastq-1.13.0.tgz#616760f88a7526bdfc596b7cab8c18938c36b98c"
  integrity sha512-YpkpUnK8od0o1hmeSc7UUs/eB/vIPWJYjKck2QKIzAf71Vm1AAQ3EbuZB3g2JIy+pg+ERD0vqI79KyZiB2e2Nw==
  dependencies:
    reusify "^1.0.4"

fill-range@^7.0.1:
  version "7.0.1"
  resolved "https://registry.yarnpkg.com/fill-range/-/fill-range-7.0.1.tgz#1919a6a7c75fe38b2c7c77e5198535da9acdda40"
  integrity sha512-qOo9F+dMUmC2Lcb4BbVvnKJxTPjCm+RRpe4gDuGrzkL7mEVl/djYSu2OdQ2Pa302N4oqkSg9ir6jaLWJ2USVpQ==
  dependencies:
    to-regex-range "^5.0.1"

glob-parent@^5.1.2:
  version "5.1.2"
  resolved "https://registry.yarnpkg.com/glob-parent/-/glob-parent-5.1.2.tgz#869832c58034fe68a4093c17dc15e8340d8401c4"
  integrity sha512-AOIgSQCepiJYwP3ARnGx+5VnTu2HBYdzbGP45eLw1vr3zB3vZLeyed1sC9hnbcOc9/SrMyM5RPQrkGz4aS9Zow==
  dependencies:
    is-glob "^4.0.1"

is-extglob@^2.1.1:
  version "2.1.1"
  resolved "https://registry.yarnpkg.com/is-extglob/-/is-extglob-2.1.1.tgz#a88c02535791f02ed37c76a1b9ea9773c833f8c2"
  integrity sha1-qIwCU1eR8C7TfHahueqXc8gz+MI=

is-glob@^4.0.1:
  version "4.0.3"
  resolved "https://registry.yarnpkg.com/is-glob/-/is-glob-4.0.3.tgz#64f61e42cbbb2eec2071a9dac0b28ba1e65d5084"
  integrity sha512-xelSayHH36ZgE7ZWhli7pW34hNbNl8Ojv5KVmkJD4hBdD3th8Tfk9vYasLM+mXWOZhFkgZfxhLSnrwRr4elSSg==
  dependencies:
    is-extglob "^2.1.1"

is-number@^7.0.0:
  version "7.0.0"
  resolved "https://registry.yarnpkg.com/is-number/-/is-number-7.0.0.tgz#7535345b896734d5f80c4d06c50955527a14f12b"
  integrity sha512-41Cifkg6e8TylSpdtTpeLVMqvSBEVzTttHvERD741+pnZ8ANv0004MRL43QKPDlK9cGvNp6NZWZUBlbGXYxxng==

merge2@^1.3.0:
  version "1.4.1"
  resolved "https://registry.yarnpkg.com/merge2/-/merge2-1.4.1.tgz#4368892f885e907455a6fd7dc55c0c9d404990ae"
  integrity sha512-8q7VEgMJW4J8tcfVPy8g09NcQwZdbwFEqhe/WZkoIzjn/3TGDwtOCYtXGxA3O8tPzpczCCDgv+P2P5y00ZJOOg==

micromatch@^4.0.4:
  version "4.0.4"
  resolved "https://registry.yarnpkg.com/micromatch/-/micromatch-4.0.4.tgz#896d519dfe9db25fce94ceb7a500919bf881ebf9"
  integrity sha512-pRmzw/XUcwXGpD9aI9q/0XOwLNygjETJ8y0ao0wdqprrzDa4YnxLcz7fQRZr8voh8V10kGhABbNcHVk5wHgWwg==
  dependencies:
    braces "^3.0.1"
    picomatch "^2.2.3"

picomatch@^2.2.3:
  version "2.3.0"
  resolved "https://registry.yarnpkg.com/picomatch/-/picomatch-2.3.0.tgz#f1f061de8f6a4bf022892e2d128234fb98302972"
  integrity sha512-lY1Q/PiJGC2zOv/z391WOTD+Z02bCgsFfvxoXXf6h7kv9o+WmsmzYqrAwY63sNgOxE4xEdq0WyUnXfKeBrSvYw==

queue-microtask@^1.2.2:
  version "1.2.3"
  resolved "https://registry.yarnpkg.com/queue-microtask/-/queue-microtask-1.2.3.tgz#4929228bbc724dfac43e0efb058caf7b6cfb6243"
  integrity sha512-NuaNSa6flKT5JaSYQzJok04JzTL1CA6aGhv5rfLW3PgqA+M2ChpZQnAC8h8i4ZFkBS8X5RqkDBHA7r4hej3K9A==

reusify@^1.0.4:
  version "1.0.4"
  resolved "https://registry.yarnpkg.com/reusify/-/reusify-1.0.4.tgz#90da382b1e126efc02146e90845a88db12925d76"
  integrity sha512-U9nH88a3fc/ekCF1l0/UP1IosiuIjyTh7hBvXVMHYgVcfGvt897Xguj2UOLDeI5BG2m7/uwyaLVT6fbtCwTyzw==

run-parallel@^1.1.9:
  version "1.2.0"
  resolved "https://registry.yarnpkg.com/run-parallel/-/run-parallel-1.2.0.tgz#66d1368da7bdf921eb9d95bd1a9229e7f21a43ee"
  integrity sha512-5l4VyZR86LZ/lDxZTR6jqL8AFE2S0IFLMP26AbjsLVADxHdhB/c0GUsH+y39UfCi3dzz8OlQuPmnaJOMoDHQBA==
  dependencies:
    queue-microtask "^1.2.2"

to-regex-range@^5.0.1:
  version "5.0.1"
  resolved "https://registry.yarnpkg.com/to-regex-range/-/to-regex-range-5.0.1.tgz#1648c44aae7c8d988a326018ed72f5b4dd0392e4"
  integrity sha512-65P7iz6X5yEr1cwcgvQxbbIw7Uk3gOy5dIdtZ4rDveLqhrdJP+Li/Hx6tyK0NEb+2GCyneCMJiGqrADCSNk8sQ==
  dependencies:
    is-number "^7.0.0"

typescript@^4.5.4:
  version "4.5.4"
  resolved "https://registry.yarnpkg.com/typescript/-/typescript-4.5.4.tgz#a17d3a0263bf5c8723b9c52f43c5084edf13c2e8"
  integrity sha512-VgYs2A2QIRuGphtzFV7aQJduJ2gyfTljngLzjpfW9FoYZF6xuw1W0vW9ghCKLfcWrCFxK81CSGRAvS1pn4fIUg==
